
Microsoft Visual Studio Solution File, Format Version 12.00
# Visual Studio 2013
VisualStudioVersion = 12.0.40629.0
MinimumVisualStudioVersion = 10.0.40219.1
Project("{FAE04EC0-301F-11D3-BF4B-00C04F79EFBC}") = "Log4NetUsageExample", "Log4netUsageExample\Log4NetUsageExample.csproj", "{40B1D4B8-1A51-40E3-972B-8C907FAAC312}"
EndProject
Project("{FAE04EC0-301F-11D3-BF4B-00C04F79EFBC}") = "T4TemplateExample", "T4TemplateExample\T4TemplateExample.csproj", "{3DF56F3E-C51F-4DFB-AA6E-09A74EDC692D}"
EndProject
Global
	GlobalSection(SolutionConfigurationPlatforms) = preSolution
		Debug|Any CPU = Debug|Any CPU
		Release|Any CPU = Release|Any CPU
	EndGlobalSection
	GlobalSection(ProjectConfigurationPlatforms) = postSolution
		{40B1D4B8-1A51-40E3-972B-8C907FAAC312}.Debug|Any CPU.ActiveCfg = Debug|Any CPU
		{40B1D4B8-1A51-40E3-972B-8C907FAAC312}.Debug|Any CPU.Build.0 = Debug|Any CPU
		{40B1D4B8-1A51-40E3-972B-8C907FAAC312}.Release|Any CPU.ActiveCfg = Release|Any CPU
		{40B1D4B8-1A51-40E3-972B-8C907FAAC312}.Release|Any CPU.Build.0 = Release|Any CPU
		{3DF56F3E-C51F-4DFB-AA6E-09A74EDC692D}.Debug|Any CPU.ActiveCfg = Debug|Any CPU
		{3DF56F3E-C51F-4DFB-AA6E-09A74EDC692D}.Debug|Any CPU.Build.0 = Debug|Any CPU
		{3DF56F3E-C51F-4DFB-AA6E-09A74EDC692D}.Release|Any CPU.ActiveCfg = Release|Any CPU
		{3DF56F3E-C51F-4DFB-AA6E-09A74EDC692D}.Release|Any CPU.Build.0 = Release|Any CPU
	EndGlobalSection
	GlobalSection(SolutionProperties) = preSolution
		HideSolutionNode = FALSE
	EndGlobalSection
EndGlobal
